
Microsoft Visual Studio Solution File, Format Version 12.00
# Visual Studio Version 17
VisualStudioVersion = 17.11.35312.102
MinimumVisualStudioVersion = 10.0.40219.1
Project("{FAE04EC0-301F-11D3-BF4B-00C04F79EFBC}") = "DependencyInjection", "DependencyInjection\DependencyInjection.csproj", "{BAA928F7-FB3D-4FD2-91E7-20F838F64052}"
EndProject
Global
	GlobalSection(SolutionConfigurationPlatforms) = preSolution
		Debug|Any CPU = Debug|Any CPU
		Release|Any CPU = Release|Any CPU
	EndGlobalSection
	GlobalSection(ProjectConfigurationPlatforms) = postSolution
		{BAA928F7-FB3D-4FD2-91E7-20F838F64052}.Debug|Any CPU.ActiveCfg = Debug|Any CPU
		{BAA928F7-FB3D-4FD2-91E7-20F838F64052}.Debug|Any CPU.Build.0 = Debug|Any CPU
		{BAA928F7-FB3D-4FD2-91E7-20F838F64052}.Release|Any CPU.ActiveCfg = Release|Any CPU
		{BAA928F7-FB3D-4FD2-91E7-20F838F64052}.Release|Any CPU.Build.0 = Release|Any CPU
	EndGlobalSection
	GlobalSection(SolutionProperties) = preSolution
		HideSolutionNode = FALSE
	EndGlobalSection
	GlobalSection(ExtensibilityGlobals) = postSolution
		SolutionGuid = {A7C00AF3-8342-4306-8CF4-441CB9C21357}
	EndGlobalSection
EndGlobal
